speakeasyVersion: 1.800.1
sources:
    Attio API:
        sourceNamespace: attio-api
        sourceRevisionDigest: sha256:de32df6025d33dcf12493cafd52d7b19a1267c8bf06ad84e222148d6d77978e2
        sourceBlobDigest: sha256:339a84883445e97afd8cac6fbed6c5d6a47c4746f6a5e8b779ce0bbe24a30750
        tags:
            - latest
            - 2.0.0
    attio:
        sourceNamespace: attio
        sourceRevisionDigest: sha256:710de209cb487dd472116fe54a9ed85841191fff22f11f7d60d43b6fb088521e
        sourceBlobDigest: sha256:965bf605798a6757dbbd331a18f5373d9e721d6c5f17c5217551c3a43ea6aa87
        tags:
            - latest
            - 2.0.0
targets:
    attio:
        source: attio
        sourceNamespace: attio
        sourceRevisionDigest: sha256:710de209cb487dd472116fe54a9ed85841191fff22f11f7d60d43b6fb088521e
        sourceBlobDigest: sha256:965bf605798a6757dbbd331a18f5373d9e721d6c5f17c5217551c3a43ea6aa87
workflow:
    workflowVersion: 1.0.0
    sources:
        attio:
            inputs:
                - location: openapi/api-202610030405.json
            overlays:
                - location: overlay.yaml
            output: openapi/api-202610030405-overlay.json
            registry:
                location: registry.speakeasyapi.dev/elviskahoro/attio/attio
    targets:
        attio:
            target: python
            source: attio
